
Microsoft Visual Studio Solution File, Format Version 12.00
# Visual Studio 15
VisualStudioVersion = 15.0.27703.2018
MinimumVisualStudioVersion = 10.0.40219.1
Project("{FAE04EC0-301F-11D3-BF4B-00C04F79EFBC}") = "AHR", "AHR\AHR.csproj", "{041087FD-AFA1-481F-B830-06EA22B53F14}"
EndProject
Global
	GlobalSection(SolutionConfigurationPlatforms) = preSolution
		Debug|Any CPU = Debug|Any CPU
		Release|Any CPU = Release|Any CPU
	EndGlobalSection
	GlobalSection(ProjectConfigurationPlatforms) = postSolution
		{041087FD-AFA1-481F-B830-06EA22B53F14}.Debug|Any CPU.ActiveCfg = Debug|Any CPU
		{041087FD-AFA1-481F-B830-06EA22B53F14}.Debug|Any CPU.Build.0 = Debug|Any CPU
		{041087FD-AFA1-481F-B830-06EA22B53F14}.Release|Any CPU.ActiveCfg = Release|Any CPU
		{041087FD-AFA1-481F-B830-06EA22B53F14}.Release|Any CPU.Build.0 = Release|Any CPU
	EndGlobalSection
	GlobalSection(SolutionProperties) = preSolution
		HideSolutionNode = FALSE
	EndGlobalSection
	GlobalSection(ExtensibilityGlobals) = postSolution
		SolutionGuid = {A1389586-3449-418E-88D9-BFC0692D23E7}
	EndGlobalSection
EndGlobal
